version = 1
revision = 3
requires-python = ">=3.11, <3.13"

[[package]]
name = "argparse"
version = "1.4.0"
source = { registry = "https://pypi.org/simple" }
sdist = { url = "https://files.pythonhosted.org/packages/18/dd/e617cfc3f6210ae183374cd9f6a26b20514bbb5a792af97949c5aacddf0f/argparse-1.4.0.tar.gz", hash = "sha256:62b089a55be1d8949cd2bc7e0df0bddb9e028faefc8c32038cc84862aefdd6e4", size = 70508, upload-time = "2015-09-12T20:22:16.217Z" }
wheels = [
    { url = "https://files.pythonhosted.org/packages/f2/94/3af39d34be01a24a6e65433d19e107099374224905f1e0cc6bbe1fd22a2f/argparse-1.4.0-py2.py3-none-any.whl", hash = "sha256:c31647edb69fd3d465a847ea3157d37bed1f95f19760b11a47aa91c04b666314", size = 23000, upload-time = "2015-09-14T16:03:16.137Z" },
]

[[package]]
name = "cplex"
version = "22.1.2.0"
source = { registry = "https://pypi.org/simple" }
wheels = [
    { url = "https://files.pythonhosted.org/packages/42/4c/dddcfb67fbd9c4b60742ddbac728ae584a6be9ca71d24163225d05a1f472/cplex-22.1.2.0-cp311-cp311-macosx_10_6_x86_64.whl", hash = "sha256:09b5176113c9ab7f2c049afd534627d470381280e514426ff74d6703229010c7", size = 39827872, upload-time = "2025-09-17T10:42:07.774Z" },
    { url = "https://files.pythonhosted.org/packages/af/d8/9891e218d15911675531b1d46a5039d6d76671c01482608c3c15281fb1b5/cplex-22.1.2.0-cp311-cp311-macosx_11_0_arm64.whl", hash = "sha256:328eb996caa55f9e10271b9dd40391d12fe600f8f47ff26274977416d8163797", size = 29350168, upload-time = "2025-09-17T10:42:10.39Z" },
    { url = "https://files.pythonhosted.org/packages/90/67/ac721d3218574525454171c2c071d30e4c6e7434aaafa54272bd689a5393/cplex-22.1.2.0-cp311-cp311-manylinux2014_aarch64.whl", hash = "sha256:f976ce0166bd0e68740e4b514d1395b4f16e8103ef50d9a8f157c1cc916db216", size = 32634872, upload-time = "2024-12-13T13:45:19.529Z" },
    { url = "https://files.pythonhosted.org/packages/05/04/239306c42047131c281c30f836f6668754cfe6aedc32ad029efe982cb38c/cplex-22.1.2.0-cp311-cp311-manylinux2014_ppc64le.whl", hash = "sha256:e875852bd46361b799950cc6854870a5e3d86f7238d4a8ba97648497521bb52b", size = 37077206, upload-time = "2024-12-13T13:45:25.409Z" },
    { url = "https://files.pythonhosted.org/packages/86/75/4519d08bf01eb41f61dc554e52bb2590a2ad63d2a0f79ccdfaa5f123f2f4/cplex-22.1.2.0-cp311-cp311-manylinux2014_x86_64.whl", hash = "sha256:bee12d488df86da5142ccb986fdf537df9ccff8837f33e5f0bc504b0e9b5d3f7", size = 44299356, upload-time = "2024-12-13T13:45:33.377Z" },
    { url = "https://files.pythonhosted.org/packages/fd/c3/74e851371fbf493289edbe2058a9d715166fb46088c1edfa296771db11d1/cplex-22.1.2.0-cp311-cp311-win_amd64.whl", hash = "sha256:afbbad8aaede41255b703ab758452df9a899dbad48366bd0c9991fb219d57062", size = 26383380, upload-time = "2024-12-13T13:45:40.712Z" },
    { url = "https://files.pythonhosted.org/packages/ca/78/17d434f23f8a9268c00a0c71f5aad308596aa208cc8e8a3a26655bf1f521/cplex-22.1.2.0-cp312-cp312-macosx_10_6_x86_64.whl", hash = "sha256:1e7693a00bc35ada61c63b13a0a0eaae5050ff51d4aedf39b2bf361d87f76ae3", size = 39858005, upload-time = "2025-09-17T10:42:13.367Z" },
    { url = "https://files.pythonhosted.org/packages/93/ad/2529eb350ee0f275f5978737f235a71193aacbf2e1beeac242309df5e1c5/cplex-22.1.2.0-cp312-cp312-macosx_11_0_arm64.whl", hash = "sha256:1e683f2028bc6ec9999f9635fb5c11e8061f489af4a5691a3ec5c66dacb6ef2f", size = 29351235, upload-time = "2025-09-17T10:42:16.498Z" },
    { url = "https://files.pythonhosted.org/packages/60/97/228d13ce5df3b74aaa914b70d8d1e596b9088b8aa82338bb1cc3dd0d5cf5/cplex-22.1.2.0-cp312-cp312-manylinux2014_aarch64.whl", hash = "sha256:feb5b9c6f437c3cacb0dc6b12fde6bdf6e266074cac9f535e641794363a26254", size = 32637789, upload-time = "2024-12-13T13:45:47.388Z" },
    { url = "https://files.pythonhosted.org/packages/b3/fb/1a3f6dea37e7a40c4a9f59f2503cda74f64444a052d8b49dd1e8acb489c3/cplex-22.1.2.0-cp312-cp312-manylinux2014_ppc64le.whl", hash = "sha256:3e8fd6127121a28ac6499cda16c5a96fa45e5ba92c20f44abc18ee734aef819e", size = 37079464, upload-time = "2024-12-13T13:45:54.155Z" },
    { url = "https://files.pythonhosted.org/packages/f4/60/6314e38fa2a0f7203933df52dfdbca3d6329a3093150292973eff6ce2390/cplex-22.1.2.0-cp312-cp312-manylinux2014_x86_64.whl", hash = "sha256:0c28a0a3b1dde31d2640965feb5d7c513ade2ad4faabf58f7783c21093674b8b", size = 44327178, upload-time = "2024-12-13T13:46:03.197Z" },
    { url = "https://files.pythonhosted.org/packages/42/35/a73d1f0f927af625cbd2709da8463ece75b2f453529a85e0f1117f70e90c/cplex-22.1.2.0-cp312-cp312-win_amd64.whl", hash = "sha256:aa3c0ecec114a0e706def5674f94f04a44b6c5500168909381c034951677fcca", size = 26347125, upload-time = "2024-12-13T13:46:11.52Z" },
]

[[package]]
name = "docplex"
version = "2.31.254"
source = { registry = "https://pypi.org/simple" }
dependencies = [
    { name = "six" },
]
sdist = { url = "https://files.pythonhosted.org/packages/f0/57/7e5ecd06c73c38605bd0d87a386c81943c1a9f7cd3ecd89e48563a4308b3/docplex-2.31.254.tar.gz", hash = "sha256:2c632978ddebf7fc48ccb846c2d5ab4eb5ecd0250c0c6126b29bbabd5369c046", size = 647384, upload-time = "2026-01-13T05:18:33.448Z" }

[[package]]
name = "gurobipy"
version = "13.0.1"
source = { registry = "https://pypi.org/simple" }
wheels = [
    { url = "https://files.pythonhosted.org/packages/72/0b/43f39e5949d174c7f3012c193bed45739e89e9f77e038a2c81036179fa77/gurobipy-13.0.1-cp311-cp311-macosx_10_9_universal2.whl", hash = "sha256:387985004b40a89baf5bf34bc7578493cb90316a1bbdb5ca2a8735a6f8cae5f1", size = 16065077, upload-time = "2026-01-21T10:34:22.396Z" },
    { url = "https://files.pythonhosted.org/packages/e2/b7/728eda07a720adb16a8450f9431ba473fda6039e59d3fa3079da917dcf4d/gurobipy-13.0.1-cp311-cp311-manylinux2014_x86_64.manylinux_2_17_x86_64.whl", hash = "sha256:c6b301c9604f89e7ec5ede50e4036ee04482fd9f02e6b071447acbaf051e5e6a", size = 15067747, upload-time = "2026-01-21T10:34:41.931Z" },
    { url = "https://files.pythonhosted.org/packages/6c/17/9e76076ed3d5643f2e0a19c025ba4d2b43c64c1618f5e51b2e4f9b4d7427/gurobipy-13.0.1-cp311-cp311-manylinux_2_26_aarch64.whl", hash = "sha256:012f7f036f20caf8a2c72c9fce38ca5443b8d2a4257c69c33202757c05c5f6a4", size = 87421386, upload-time = "2026-01-21T10:36:02.997Z" },
    { url = "https://files.pythonhosted.org/packages/ae/d5/15ef920216da623b4b95ce6404e76bf82add8c68c374ee49625cde5d3189/gurobipy-13.0.1-cp311-cp311-win_amd64.whl", hash = "sha256:935eff65884627cf94fe66d86a0ce48cd97abb836b8fc1591f22b4b405e5c586", size = 11371354, upload-time = "2026-01-21T10:36:16.675Z" },
    { url = "https://files.pythonhosted.org/packages/c1/5f/7cc9a23fac538e200ec0985cce6abce5f5dcc1187e63e21167b5d5bbefca/gurobipy-13.0.1-cp312-cp312-macosx_10_13_universal2.whl", hash = "sha256:850f553795a5f11439dd2844e6afcbab380db191d7dbb5bb6f4e6b19e1fde637", size = 15963915, upload-time = "2026-01-21T10:36:36.074Z" },
    { url = "https://files.pythonhosted.org/packages/85/9b/9363877895a78258f24a883b137fae83e5cc5e33ed3768618f8ae2aa8da3/gurobipy-13.0.1-cp312-cp312-manylinux2014_x86_64.manylinux_2_17_x86_64.whl", hash = "sha256:c8848329014960a640c57136bf2adc6a75dc73716f50729ca6c86d68b9f0b6b2", size = 14843835, upload-time = "2026-01-21T10:36:49.236Z" },
    { url = "https://files.pythonhosted.org/packages/87/05/2fc774d1df58f5e9f798d90e39ca15cf6f0f94635669e6a83c97901e0d1f/gurobipy-13.0.1-cp312-cp312-manylinux_2_26_aarch64.whl", hash = "sha256:c0a4232009a133e4a69375f3ce547c66dc31269afc86f6d5d794137d2331b84f", size = 87192977, upload-time = "2026-01-21T10:38:08.088Z" },
    { url = "https://files.pythonhosted.org/packages/8d/c7/c106367b5209ab5500df8feed64d596276d7e78fe7ab3b918ac938ce580b/gurobipy-13.0.1-cp312-cp312-win_amd64.whl", hash = "sha256:a77a8fa0937b274382dd3b436ab1aada3730d4270fb819b22614725dac927d9c", size = 11222551, upload-time = "2026-01-21T10:38:23.295Z" },
]

[[package]]
name = "numpy"
version = "2.4.1"
source = { registry = "https://pypi.org/simple" }
sdist = { url = "https://files.pythonhosted.org/packages/24/62/ae72ff66c0f1fd959925b4c11f8c2dea61f47f6acaea75a08512cdfe3fed/numpy-2.4.1.tar.gz", hash = "sha256:a1ceafc5042451a858231588a104093474c6a5c57dcc724841f5c888d237d690", size = 20721320, upload-time = "2026-01-10T06:44:59.619Z" }
wheels = [
    { url = "https://files.pythonhosted.org/packages/a5/34/2b1bc18424f3ad9af577f6ce23600319968a70575bd7db31ce66731bbef9/numpy-2.4.1-cp311-cp311-macosx_10_9_x86_64.whl", hash = "sha256:0cce2a669e3c8ba02ee563c7835f92c153cf02edff1ae05e1823f1dde21b16a5", size = 16944563, upload-time = "2026-01-10T06:42:14.615Z" },
    { url = "https://files.pythonhosted.org/packages/2c/57/26e5f97d075aef3794045a6ca9eada6a4ed70eb9a40e7a4a93f9ac80d704/numpy-2.4.1-cp311-cp311-macosx_11_0_arm64.whl", hash = "sha256:899d2c18024984814ac7e83f8f49d8e8180e2fbe1b2e252f2e7f1d06bea92425", size = 12645658, upload-time = "2026-01-10T06:42:17.298Z" },
    { url = "https://files.pythonhosted.org/packages/8e/ba/80fc0b1e3cb2fd5c6143f00f42eb67762aa043eaa05ca924ecc3222a7849/numpy-2.4.1-cp311-cp311-macosx_14_0_arm64.whl", hash = "sha256:09aa8a87e45b55a1c2c205d42e2808849ece5c484b2aab11fecabec3841cafba", size = 5474132, upload-time = "2026-01-10T06:42:19.637Z" },
    { url = "https://files.pythonhosted.org/packages/40/ae/0a5b9a397f0e865ec171187c78d9b57e5588afc439a04ba9cab1ebb2c945/numpy-2.4.1-cp311-cp311-macosx_14_0_x86_64.whl", hash = "sha256:edee228f76ee2dab4579fad6f51f6a305de09d444280109e0f75df247ff21501", size = 6804159, upload-time = "2026-01-10T06:42:21.44Z" },
    { url = "https://files.pythonhosted.org/packages/86/9c/841c15e691c7085caa6fd162f063eff494099c8327aeccd509d1ab1e36ab/numpy-2.4.1-cp311-cp311-manylinux_2_27_aarch64.manylinux_2_28_aarch64.whl", hash = "sha256:a92f227dbcdc9e4c3e193add1a189a9909947d4f8504c576f4a732fd0b54240a", size = 14708058, upload-time = "2026-01-10T06:42:23.546Z" },
    { url = "https://files.pythonhosted.org/packages/5d/9d/7862db06743f489e6a502a3b93136d73aea27d97b2cf91504f70a27501d6/numpy-2.4.1-cp311-cp311-manylinux_2_27_x86_64.manylinux_2_28_x86_64.whl", hash = "sha256:538bf4ec353709c765ff75ae616c34d3c3dca1a68312727e8f2676ea644f8509", size = 16651501, upload-time = "2026-01-10T06:42:25.909Z" },
    { url = "https://files.pythonhosted.org/packages/a6/9c/6fc34ebcbd4015c6e5f0c0ce38264010ce8a546cb6beacb457b84a75dfc8/numpy-2.4.1-cp311-cp311-musllinux_1_2_aarch64.whl", hash = "sha256:ac08c63cb7779b85e9d5318e6c3518b424bc1f364ac4cb2c6136f12e5ff2dccc", size = 16492627, upload-time = "2026-01-10T06:42:28.938Z" },
    { url = "https://files.pythonhosted.org/packages/aa/63/2494a8597502dacda439f61b3c0db4da59928150e62be0e99395c3ad23c5/numpy-2.4.1-cp311-cp311-musllinux_1_2_x86_64.whl", hash = "sha256:4f9c360ecef085e5841c539a9a12b883dff005fbd7ce46722f5e9cef52634d82", size = 18585052, upload-time = "2026-01-10T06:42:31.312Z" },
    { url = "https://files.pythonhosted.org/packages/6a/93/098e1162ae7522fc9b618d6272b77404c4656c72432ecee3abc029aa3de0/numpy-2.4.1-cp311-cp311-win32.whl", hash = "sha256:0f118ce6b972080ba0758c6087c3617b5ba243d806268623dc34216d69099ba0", size = 6236575, upload-time = "2026-01-10T06:42:33.872Z" },
    { url = "https://files.pythonhosted.org/packages/8c/de/f5e79650d23d9e12f38a7bc6b03ea0835b9575494f8ec94c11c6e773b1b1/numpy-2.4.1-cp311-cp311-win_amd64.whl", hash = "sha256:18e14c4d09d55eef39a6ab5b08406e84bc6869c1e34eef45564804f90b7e0574", size = 12604479, upload-time = "2026-01-10T06:42:35.778Z" },
    { url = "https://files.pythonhosted.org/packages/dd/65/e1097a7047cff12ce3369bd003811516b20ba1078dbdec135e1cd7c16c56/numpy-2.4.1-cp311-cp311-win_arm64.whl", hash = "sha256:6461de5113088b399d655d45c3897fa188766415d0f568f175ab071c8873bd73", size = 10578325, upload-time = "2026-01-10T06:42:38.518Z" },
    { url = "https://files.pythonhosted.org/packages/78/7f/ec53e32bf10c813604edf07a3682616bd931d026fcde7b6d13195dfb684a/numpy-2.4.1-cp312-cp312-macosx_10_13_x86_64.whl", hash = "sha256:d3703409aac693fa82c0aee023a1ae06a6e9d065dba10f5e8e80f642f1e9d0a2", size = 16656888, upload-time = "2026-01-10T06:42:40.913Z" },
    { url = "https://files.pythonhosted.org/packages/b8/e0/1f9585d7dae8f14864e948fd7fa86c6cb72dee2676ca2748e63b1c5acfe0/numpy-2.4.1-cp312-cp312-macosx_11_0_arm64.whl", hash = "sha256:7211b95ca365519d3596a1d8688a95874cc94219d417504d9ecb2df99fa7bfa8", size = 12373956, upload-time = "2026-01-10T06:42:43.091Z" },
    { url = "https://files.pythonhosted.org/packages/8e/43/9762e88909ff2326f5e7536fa8cb3c49fb03a7d92705f23e6e7f553d9cb3/numpy-2.4.1-cp312-cp312-macosx_14_0_arm64.whl", hash = "sha256:5adf01965456a664fc727ed69cc71848f28d063217c63e1a0e200a118d5eec9a", size = 5202567, upload-time = "2026-01-10T06:42:45.107Z" },
    { url = "https://files.pythonhosted.org/packages/4b/ee/34b7930eb61e79feb4478800a4b95b46566969d837546aa7c034c742ef98/numpy-2.4.1-cp312-cp312-macosx_14_0_x86_64.whl", hash = "sha256:26f0bcd9c79a00e339565b303badc74d3ea2bd6d52191eeca5f95936cad107d0", size = 6549459, upload-time = "2026-01-10T06:42:48.152Z" },
    { url = "https://files.pythonhosted.org/packages/79/e3/5f115fae982565771be994867c89bcd8d7208dbfe9469185497d70de5ddf/numpy-2.4.1-cp312-cp312-manylinux_2_27_aarch64.manylinux_2_28_aarch64.whl", hash = "sha256:0093e85df2960d7e4049664b26afc58b03236e967fb942354deef3208857a04c", size = 14404859, upload-time = "2026-01-10T06:42:49.947Z" },
    { url = "https://files.pythonhosted.org/packages/d9/7d/9c8a781c88933725445a859cac5d01b5871588a15969ee6aeb618ba99eee/numpy-2.4.1-cp312-cp312-manylinux_2_27_x86_64.manylinux_2_28_x86_64.whl", hash = "sha256:7ad270f438cbdd402c364980317fb6b117d9ec5e226fff5b4148dd9aa9fc6e02", size = 16371419, upload-time = "2026-01-10T06:42:52.409Z" },
    { url = "https://files.pythonhosted.org/packages/a6/d2/8aa084818554543f17cf4162c42f162acbd3bb42688aefdba6628a859f77/numpy-2.4.1-cp312-cp312-musllinux_1_2_aarch64.whl", hash = "sha256:297c72b1b98100c2e8f873d5d35fb551fce7040ade83d67dd51d38c8d42a2162", size = 16182131, upload-time = "2026-01-10T06:42:54.694Z" },
    { url = "https://files.pythonhosted.org/packages/60/db/0425216684297c58a8df35f3284ef56ec4a043e6d283f8a59c53562caf1b/numpy-2.4.1-cp312-cp312-musllinux_1_2_x86_64.whl", hash = "sha256:cf6470d91d34bf669f61d515499859fa7a4c2f7c36434afb70e82df7217933f9", size = 18295342, upload-time = "2026-01-10T06:42:56.991Z" },
    { url = "https://files.pythonhosted.org/packages/31/4c/14cb9d86240bd8c386c881bafbe43f001284b7cce3bc01623ac9475da163/numpy-2.4.1-cp312-cp312-win32.whl", hash = "sha256:b6bcf39112e956594b3331316d90c90c90fb961e39696bda97b89462f5f3943f", size = 5959015, upload-time = "2026-01-10T06:42:59.631Z" },
    { url = "https://files.pythonhosted.org/packages/51/cf/52a703dbeb0c65807540d29699fef5fda073434ff61846a564d5c296420f/numpy-2.4.1-cp312-cp312-win_amd64.whl", hash = "sha256:e1a27bb1b2dee45a2a53f5ca6ff2d1a7f135287883a1689e930d44d1ff296c87", size = 12310730, upload-time = "2026-01-10T06:43:01.627Z" },
    { url = "https://files.pythonhosted.org/packages/69/80/a828b2d0ade5e74a9fe0f4e0a17c30fdc26232ad2bc8c9f8b3197cf7cf18/numpy-2.4.1-cp312-cp312-win_arm64.whl", hash = "sha256:0e6e8f9d9ecf95399982019c01223dc130542960a12edfa8edd1122dfa66a8a8", size = 10312166, upload-time = "2026-01-10T06:43:03.673Z" },
    { url = "https://files.pythonhosted.org/packages/1e/48/d86f97919e79314a1cdee4c832178763e6e98e623e123d0bada19e92c15a/numpy-2.4.1-pp311-pypy311_pp73-macosx_10_15_x86_64.whl", hash = "sha256:8ad35f20be147a204e28b6a0575fbf3540c5e5f802634d4258d55b1ff5facce1", size = 16822202, upload-time = "2026-01-10T06:44:43.738Z" },
    { url = "https://files.pythonhosted.org/packages/51/e9/1e62a7f77e0f37dcfb0ad6a9744e65df00242b6ea37dfafb55debcbf5b55/numpy-2.4.1-pp311-pypy311_pp73-macosx_11_0_arm64.whl", hash = "sha256:8097529164c0f3e32bb89412a0905d9100bf434d9692d9fc275e18dcf53c9344", size = 12569985, upload-time = "2026-01-10T06:44:45.945Z" },
    { url = "https://files.pythonhosted.org/packages/c7/7e/914d54f0c801342306fdcdce3e994a56476f1b818c46c47fc21ae968088c/numpy-2.4.1-pp311-pypy311_pp73-macosx_14_0_arm64.whl", hash = "sha256:ea66d2b41ca4a1630aae5507ee0a71647d3124d1741980138aa8f28f44dac36e", size = 5398484, upload-time = "2026-01-10T06:44:48.012Z" },
    { url = "https://files.pythonhosted.org/packages/1c/d8/9570b68584e293a33474e7b5a77ca404f1dcc655e40050a600dee81d27fb/numpy-2.4.1-pp311-pypy311_pp73-macosx_14_0_x86_64.whl", hash = "sha256:d3f8f0df9f4b8be57b3bf74a1d087fec68f927a2fab68231fdb442bf2c12e426", size = 6713216, upload-time = "2026-01-10T06:44:49.725Z" },
    { url = "https://files.pythonhosted.org/packages/33/9b/9dd6e2db8d49eb24f86acaaa5258e5f4c8ed38209a4ee9de2d1a0ca25045/numpy-2.4.1-pp311-pypy311_pp73-manylinux_2_27_aarch64.manylinux_2_28_aarch64.whl", hash = "sha256:2023ef86243690c2791fd6353e5b4848eedaa88ca8a2d129f462049f6d484696", size = 14538937, upload-time = "2026-01-10T06:44:51.498Z" },
    { url = "https://files.pythonhosted.org/packages/53/87/d5bd995b0f798a37105b876350d346eea5838bd8f77ea3d7a48392f3812b/numpy-2.4.1-pp311-pypy311_pp73-manylinux_2_27_x86_64.manylinux_2_28_x86_64.whl", hash = "sha256:8361ea4220d763e54cff2fbe7d8c93526b744f7cd9ddab47afeff7e14e8503be", size = 16479830, upload-time = "2026-01-10T06:44:53.931Z" },
    { url = "https://files.pythonhosted.org/packages/5b/c7/b801bf98514b6ae6475e941ac05c58e6411dd863ea92916bfd6d510b08c1/numpy-2.4.1-pp311-pypy311_pp73-win_amd64.whl", hash = "sha256:4f1b68ff47680c2925f8063402a693ede215f0257f02596b1318ecdfb1d79e33", size = 12492579, upload-time = "2026-01-10T06:44:57.094Z" },
]

[[package]]
name = "scipy"
version = "1.17.0"
source = { registry = "https://pypi.org/simple" }
dependencies = [
    { name = "numpy" },
]
sdist = { url = "https://files.pythonhosted.org/packages/56/3e/9cca699f3486ce6bc12ff46dc2031f1ec8eb9ccc9a320fdaf925f1417426/scipy-1.17.0.tar.gz", hash = "sha256:2591060c8e648d8b96439e111ac41fd8342fdeff1876be2e19dea3fe8930454e", size = 30396830, upload-time = "2026-01-10T21:34:23.009Z" }
wheels = [
    { url = "https://files.pythonhosted.org/packages/1e/4b/c89c131aa87cad2b77a54eb0fb94d633a842420fa7e919dc2f922037c3d8/scipy-1.17.0-cp311-cp311-macosx_10_14_x86_64.whl", hash = "sha256:2abd71643797bd8a106dff97894ff7869eeeb0af0f7a5ce02e4227c6a2e9d6fd", size = 31381316, upload-time = "2026-01-10T21:24:33.42Z" },
    { url = "https://files.pythonhosted.org/packages/5e/5f/a6b38f79a07d74989224d5f11b55267714707582908a5f1ae854cf9a9b84/scipy-1.17.0-cp311-cp311-macosx_12_0_arm64.whl", hash = "sha256:ef28d815f4d2686503e5f4f00edc387ae58dfd7a2f42e348bb53359538f01558", size = 27966760, upload-time = "2026-01-10T21:24:38.911Z" },
    { url = "https://files.pythonhosted.org/packages/c1/20/095ad24e031ee8ed3c5975954d816b8e7e2abd731e04f8be573de8740885/scipy-1.17.0-cp311-cp311-macosx_14_0_arm64.whl", hash = "sha256:272a9f16d6bb4667e8b50d25d71eddcc2158a214df1b566319298de0939d2ab7", size = 20138701, upload-time = "2026-01-10T21:24:43.249Z" },
    { url = "https://files.pythonhosted.org/packages/89/11/4aad2b3858d0337756f3323f8960755704e530b27eb2a94386c970c32cbe/scipy-1.17.0-cp311-cp311-macosx_14_0_x86_64.whl", hash = "sha256:7204fddcbec2fe6598f1c5fdf027e9f259106d05202a959a9f1aecf036adc9f6", size = 22480574, upload-time = "2026-01-10T21:24:47.266Z" },
    { url = "https://files.pythonhosted.org/packages/85/bd/f5af70c28c6da2227e510875cadf64879855193a687fb19951f0f44cfd6b/scipy-1.17.0-cp311-cp311-manylinux_2_27_aarch64.manylinux_2_28_aarch64.whl", hash = "sha256:fc02c37a5639ee67d8fb646ffded6d793c06c5622d36b35cfa8fe5ececb8f042", size = 32862414, upload-time = "2026-01-10T21:24:52.566Z" },
    { url = "https://files.pythonhosted.org/packages/ef/df/df1457c4df3826e908879fe3d76bc5b6e60aae45f4ee42539512438cfd5d/scipy-1.17.0-cp311-cp311-manylinux_2_27_x86_64.manylinux_2_28_x86_64.whl", hash = "sha256:dac97a27520d66c12a34fd90a4fe65f43766c18c0d6e1c0a80f114d2260080e4", size = 35112380, upload-time = "2026-01-10T21:24:58.433Z" },
    { url = "https://files.pythonhosted.org/packages/5f/bb/88e2c16bd1dd4de19d80d7c5e238387182993c2fb13b4b8111e3927ad422/scipy-1.17.0-cp311-cp311-musllinux_1_2_aarch64.whl", hash = "sha256:ebb7446a39b3ae0fe8f416a9a3fdc6fba3f11c634f680f16a239c5187bc487c0", size = 34922676, upload-time = "2026-01-10T21:25:04.287Z" },
    { url = "https://files.pythonhosted.org/packages/02/ba/5120242cc735f71fc002cff0303d536af4405eb265f7c60742851e7ccfe9/scipy-1.17.0-cp311-cp311-musllinux_1_2_x86_64.whl", hash = "sha256:474da16199f6af66601a01546144922ce402cb17362e07d82f5a6cf8f963e449", size = 37507599, upload-time = "2026-01-10T21:25:09.851Z" },
    { url = "https://files.pythonhosted.org/packages/52/c8/08629657ac6c0da198487ce8cd3de78e02cfde42b7f34117d56a3fe249dc/scipy-1.17.0-cp311-cp311-win_amd64.whl", hash = "sha256:255c0da161bd7b32a6c898e7891509e8a9289f0b1c6c7d96142ee0d2b114c2ea", size = 36380284, upload-time = "2026-01-10T21:25:15.632Z" },
    { url = "https://files.pythonhosted.org/packages/6c/4a/465f96d42c6f33ad324a40049dfd63269891db9324aa66c4a1c108c6f994/scipy-1.17.0-cp311-cp311-win_arm64.whl", hash = "sha256:85b0ac3ad17fa3be50abd7e69d583d98792d7edc08367e01445a1e2076005379", size = 24370427, upload-time = "2026-01-10T21:25:20.514Z" },
    { url = "https://files.pythonhosted.org/packages/0b/11/7241a63e73ba5a516f1930ac8d5b44cbbfabd35ac73a2d08ca206df007c4/scipy-1.17.0-cp312-cp312-macosx_10_14_x86_64.whl", hash = "sha256:0d5018a57c24cb1dd828bcf51d7b10e65986d549f52ef5adb6b4d1ded3e32a57", size = 31364580, upload-time = "2026-01-10T21:25:25.717Z" },
    { url = "https://files.pythonhosted.org/packages/ed/1d/5057f812d4f6adc91a20a2d6f2ebcdb517fdbc87ae3acc5633c9b97c8ba5/scipy-1.17.0-cp312-cp312-macosx_12_0_arm64.whl", hash = "sha256:88c22af9e5d5a4f9e027e26772cc7b5922fab8bcc839edb3ae33de404feebd9e", size = 27969012, upload-time = "2026-01-10T21:25:30.921Z" },
    { url = "https://files.pythonhosted.org/packages/e3/21/f6ec556c1e3b6ec4e088da667d9987bb77cc3ab3026511f427dc8451187d/scipy-1.17.0-cp312-cp312-macosx_14_0_arm64.whl", hash = "sha256:f3cd947f20fe17013d401b64e857c6b2da83cae567adbb75b9dcba865abc66d8", size = 20140691, upload-time = "2026-01-10T21:25:34.802Z" },
    { url = "https://files.pythonhosted.org/packages/7a/fe/5e5ad04784964ba964a96f16c8d4676aa1b51357199014dce58ab7ec5670/scipy-1.17.0-cp312-cp312-macosx_14_0_x86_64.whl", hash = "sha256:e8c0b331c2c1f531eb51f1b4fc9ba709521a712cce58f1aa627bc007421a5306", size = 22463015, upload-time = "2026-01-10T21:25:39.277Z" },
    { url = "https://files.pythonhosted.org/packages/4a/69/7c347e857224fcaf32a34a05183b9d8a7aca25f8f2d10b8a698b8388561a/scipy-1.17.0-cp312-cp312-manylinux_2_27_aarch64.manylinux_2_28_aarch64.whl", hash = "sha256:5194c445d0a1c7a6c1a4a4681b6b7c71baad98ff66d96b949097e7513c9d6742", size = 32724197, upload-time = "2026-01-10T21:25:44.084Z" },
    { url = "https://files.pythonhosted.org/packages/d1/fe/66d73b76d378ba8cc2fe605920c0c75092e3a65ae746e1e767d9d020a75a/scipy-1.17.0-cp312-cp312-manylinux_2_27_x86_64.manylinux_2_28_x86_64.whl", hash = "sha256:9eeb9b5f5997f75507814ed9d298ab23f62cf79f5a3ef90031b1ee2506abdb5b", size = 35009148, upload-time = "2026-01-10T21:25:50.591Z" },
    { url = "https://files.pythonhosted.org/packages/af/07/07dec27d9dc41c18d8c43c69e9e413431d20c53a0339c388bcf72f353c4b/scipy-1.17.0-cp312-cp312-musllinux_1_2_aarch64.whl", hash = "sha256:40052543f7bbe921df4408f46003d6f01c6af109b9e2c8a66dd1cf6cf57f7d5d", size = 34798766, upload-time = "2026-01-10T21:25:59.41Z" },
    { url = "https://files.pythonhosted.org/packages/81/61/0470810c8a093cdacd4ba7504b8a218fd49ca070d79eca23a615f5d9a0b0/scipy-1.17.0-cp312-cp312-musllinux_1_2_x86_64.whl", hash = "sha256:0cf46c8013fec9d3694dc572f0b54100c28405d55d3e2cb15e2895b25057996e", size = 37405953, upload-time = "2026-01-10T21:26:07.75Z" },
    { url = "https://files.pythonhosted.org/packages/92/ce/672ed546f96d5d41ae78c4b9b02006cedd0b3d6f2bf5bb76ea455c320c28/scipy-1.17.0-cp312-cp312-win_amd64.whl", hash = "sha256:0937a0b0d8d593a198cededd4c439a0ea216a3f36653901ea1f3e4be949056f8", size = 36328121, upload-time = "2026-01-10T21:26:16.509Z" },
    { url = "https://files.pythonhosted.org/packages/9d/21/38165845392cae67b61843a52c6455d47d0cc2a40dd495c89f4362944654/scipy-1.17.0-cp312-cp312-win_arm64.whl", hash = "sha256:f603d8a5518c7426414d1d8f82e253e454471de682ce5e39c29adb0df1efb86b", size = 24314368, upload-time = "2026-01-10T21:26:23.087Z" },
]

[[package]]
name = "six"
version = "1.17.0"
source = { registry = "https://pypi.org/simple" }
sdist = { url = "https://files.pythonhosted.org/packages/94/e7/b2c673351809dca68a0e064b6af791aa332cf192da575fd474ed7d6f16a2/six-1.17.0.tar.gz", hash = "sha256:ff70335d468e7eb6ec65b95b99d3a2836546063f63acc5171de367e834932a81", size = 34031, upload-time = "2024-12-04T17:35:28.174Z" }
wheels = [
    { url = "https://files.pythonhosted.org/packages/b7/ce/149a00dd41f10bc29e5921b496af8b574d8413afcd5e30dfa0ed46c2cc5e/six-1.17.0-py2.py3-none-any.whl", hash = "sha256:4721f391ed90541fddacab5acf947aa0d3dc7d27b2e1e8eda2be8970586c3274", size = 11050, upload-time = "2024-12-04T17:35:26.475Z" },
]

[[package]]
name = "src"
version = "0.2.0"
source = { virtual = "." }
dependencies = [
    { name = "argparse" },
    { name = "cplex" },
    { name = "docplex" },
    { name = "gurobipy" },
    { name = "numpy" },
    { name = "scipy" },
]

[package.metadata]
requires-dist = [
    { name = "argparse", specifier = ">=1.4.0" },
    { name = "cplex", specifier = ">=22.1.2.0" },
    { name = "docplex", specifier = ">=2.31.254" },
    { name = "gurobipy", specifier = ">=13.0.0" },
    { name = "numpy", specifier = ">=2.4.1" },
    { name = "scipy", specifier = ">=1.17.0" },
]
